# THIS IS AN AUTOGENERATED FILE. DO NOT EDIT THIS FILE DIRECTLY.
# yarn lockfile v1


"@milenammay/organigram@^1.0.0":
  version "1.0.0"
  resolved "https://registry.yarnpkg.com/@milenammay/organigram/-/organigram-1.0.0.tgz#62128feb16a459236c70515bf304752d1b976417"
  integrity sha512-obHqQqQLYyWRLEbLYKoAtW166HO00TB5jBYfpWDmrara0EZwTVO/Ljo4S0t02C4GwyxgkSnsm1wlwtoEbHpaDQ==
